<?xml version="1.0" encoding="utf-8"?>
<Project ToolsVersion="16.0" xmlns="http://schemas.microsoft.com/developer/msbuild/2003">
  <ItemGroup>
    <ClCompile Include="D:\Programming Tools\fltk-1.3.8\jpeg\jmemnobs.c">
      <Filter>Source Files</Filter>
    </ClCompile>
    <ClCompile Include="D:\Programming Tools\fltk-1.3.8\jpeg\jaricom.c">
      <Filter>Source Files</Filter>
    </ClCompile>
    <ClCompile Include="D:\Programming Tools\fltk-1.3.8\jpeg\jcomapi.c">
      <Filter>Source Files</Filter>
    </ClCompile>
    <ClCompile Include="D:\Programming Tools\fltk-1.3.8\jpeg\jutils.c">
      <Filter>Source Files</Filter>
    </ClCompile>
    <ClCompile Include="D:\Programming Tools\fltk-1.3.8\jpeg\jerror.c">
      <Filter>Source Files</Filter>
    </ClCompile>
    <ClCompile Include="D:\Programming Tools\fltk-1.3.8\jpeg\jmemmgr.c">
      <Filter>Source Files</Filter>
    </ClCompile>
    <ClCompile Include="D:\Programming Tools\fltk-1.3.8\jpeg\jcapimin.c">
      <Filter>Source Files</Filter>
    </ClCompile>
    <ClCompile Include="D:\Programming Tools\fltk-1.3.8\jpeg\jcapistd.c">
      <Filter>Source Files</Filter>
    </ClCompile>
    <ClCompile Include="D:\Programming Tools\fltk-1.3.8\jpeg\jcarith.c">
      <Filter>Source Files</Filter>
    </ClCompile>
    <ClCompile Include="D:\Programming Tools\fltk-1.3.8\jpeg\jctrans.c">
      <Filter>Source Files</Filter>
    </ClCompile>
    <ClCompile Include="D:\Programming Tools\fltk-1.3.8\jpeg\jcparam.c">
      <Filter>Source Files</Filter>
    </ClCompile>
    <ClCompile Include="D:\Programming Tools\fltk-1.3.8\jpeg\jdatadst.c">
      <Filter>Source Files</Filter>
    </ClCompile>
    <ClCompile Include="D:\Programming Tools\fltk-1.3.8\jpeg\jcinit.c">
      <Filter>Source Files</Filter>
    </ClCompile>
    <ClCompile Include="D:\Programming Tools\fltk-1.3.8\jpeg\jcmaster.c">
      <Filter>Source Files</Filter>
    </ClCompile>
    <ClCompile Include="D:\Programming Tools\fltk-1.3.8\jpeg\jcmarker.c">
      <Filter>Source Files</Filter>
    </ClCompile>
    <ClCompile Include="D:\Programming Tools\fltk-1.3.8\jpeg\jcmainct.c">
      <Filter>Source Files</Filter>
    </ClCompile>
    <ClCompile Include="D:\Programming Tools\fltk-1.3.8\jpeg\jcprepct.c">
      <Filter>Source Files</Filter>
    </ClCompile>
    <ClCompile Include="D:\Programming Tools\fltk-1.3.8\jpeg\jccoefct.c">
      <Filter>Source Files</Filter>
    </ClCompile>
    <ClCompile Include="D:\Programming Tools\fltk-1.3.8\jpeg\jccolor.c">
      <Filter>Source Files</Filter>
    </ClCompile>
    <ClCompile Include="D:\Programming Tools\fltk-1.3.8\jpeg\jcsample.c">
      <Filter>Source Files</Filter>
    </ClCompile>
    <ClCompile Include="D:\Programming Tools\fltk-1.3.8\jpeg\jchuff.c">
      <Filter>Source Files</Filter>
    </ClCompile>
    <ClCompile Include="D:\Programming Tools\fltk-1.3.8\jpeg\jcdctmgr.c">
      <Filter>Source Files</Filter>
    </ClCompile>
    <ClCompile Include="D:\Programming Tools\fltk-1.3.8\jpeg\jfdctfst.c">
      <Filter>Source Files</Filter>
    </ClCompile>
    <ClCompile Include="D:\Programming Tools\fltk-1.3.8\jpeg\jfdctflt.c">
      <Filter>Source Files</Filter>
    </ClCompile>
    <ClCompile Include="D:\Programming Tools\fltk-1.3.8\jpeg\jfdctint.c">
      <Filter>Source Files</Filter>
    </ClCompile>
    <ClCompile Include="D:\Programming Tools\fltk-1.3.8\jpeg\jdapimin.c">
      <Filter>Source Files</Filter>
    </ClCompile>
    <ClCompile Include="D:\Programming Tools\fltk-1.3.8\jpeg\jdapistd.c">
      <Filter>Source Files</Filter>
    </ClCompile>
    <ClCompile Include="D:\Programming Tools\fltk-1.3.8\jpeg\jdarith.c">
      <Filter>Source Files</Filter>
    </ClCompile>
    <ClCompile Include="D:\Programming Tools\fltk-1.3.8\jpeg\jdtrans.c">
      <Filter>Source Files</Filter>
    </ClCompile>
    <ClCompile Include="D:\Programming Tools\fltk-1.3.8\jpeg\jdatasrc.c">
      <Filter>Source Files</Filter>
    </ClCompile>
    <ClCompile Include="D:\Programming Tools\fltk-1.3.8\jpeg\jdmaster.c">
      <Filter>Source Files</Filter>
    </ClCompile>
    <ClCompile Include="D:\Programming Tools\fltk-1.3.8\jpeg\jdinput.c">
      <Filter>Source Files</Filter>
    </ClCompile>
    <ClCompile Include="D:\Programming Tools\fltk-1.3.8\jpeg\jdmarker.c">
      <Filter>Source Files</Filter>
    </ClCompile>
    <ClCompile Include="D:\Programming Tools\fltk-1.3.8\jpeg\jdhuff.c">
      <Filter>Source Files</Filter>
    </ClCompile>
    <ClCompile Include="D:\Programming Tools\fltk-1.3.8\jpeg\jdmainct.c">
      <Filter>Source Files</Filter>
    </ClCompile>
    <ClCompile Include="D:\Programming Tools\fltk-1.3.8\jpeg\jdcoefct.c">
      <Filter>Source Files</Filter>
    </ClCompile>
    <ClCompile Include="D:\Programming Tools\fltk-1.3.8\jpeg\jdpostct.c">
      <Filter>Source Files</Filter>
    </ClCompile>
    <ClCompile Include="D:\Programming Tools\fltk-1.3.8\jpeg\jddctmgr.c">
      <Filter>Source Files</Filter>
    </ClCompile>
    <ClCompile Include="D:\Programming Tools\fltk-1.3.8\jpeg\jidctfst.c">
      <Filter>Source Files</Filter>
    </ClCompile>
    <ClCompile Include="D:\Programming Tools\fltk-1.3.8\jpeg\jidctflt.c">
      <Filter>Source Files</Filter>
    </ClCompile>
    <ClCompile Include="D:\Programming Tools\fltk-1.3.8\jpeg\jidctint.c">
      <Filter>Source Files</Filter>
    </ClCompile>
    <ClCompile Include="D:\Programming Tools\fltk-1.3.8\jpeg\jdsample.c">
      <Filter>Source Files</Filter>
    </ClCompile>
    <ClCompile Include="D:\Programming Tools\fltk-1.3.8\jpeg\jdcolor.c">
      <Filter>Source Files</Filter>
    </ClCompile>
    <ClCompile Include="D:\Programming Tools\fltk-1.3.8\jpeg\jquant1.c">
      <Filter>Source Files</Filter>
    </ClCompile>
    <ClCompile Include="D:\Programming Tools\fltk-1.3.8\jpeg\jquant2.c">
      <Filter>Source Files</Filter>
    </ClCompile>
    <ClCompile Include="D:\Programming Tools\fltk-1.3.8\jpeg\jdmerge.c">
      <Filter>Source Files</Filter>
    </ClCompile>
  </ItemGroup>
  <ItemGroup>
    <CustomBuild Include="D:\Programming Tools\fltk-1.3.8\jpeg\CMakeLists.txt" />
  </ItemGroup>
  <ItemGroup>
    <Filter Include="Source Files">
      <UniqueIdentifier>{11479A32-E716-3FA0-B2CB-71226E0A7E98}</UniqueIdentifier>
    </Filter>
  </ItemGroup>
</Project>
