<?xml version="1.0" encoding="utf-8"?>
<Project ToolsVersion="16.0" xmlns="http://schemas.microsoft.com/developer/msbuild/2003">
  <ItemGroup>
    <CustomBuild Include="D:\Programming Tools\fltk_build\CMakeFiles\edde7302b6096184819d5bf85d9b5655\uninstall.rule">
      <Filter>CMake Rules</Filter>
    </CustomBuild>
    <CustomBuild Include="D:\Programming Tools\fltk-1.3.8\CMakeLists.txt" />
  </ItemGroup>
  <ItemGroup>
    <None Include="D:\Programming Tools\fltk_build\CMakeFiles\uninstall" />
  </ItemGroup>
  <ItemGroup>
    <Filter Include="CMake Rules">
      <UniqueIdentifier>{E3FEAF7A-8630-3C1A-A672-AB70E9BEAB6F}</UniqueIdentifier>
    </Filter>
  </ItemGroup>
</Project>
